// !$*UTF8*$!
{
	archiveVersion = 1;
	classes = {
	};
	objectVersion = 46;
	objects = {

/* Begin PBXBuildFile section */
		8E88FDD61B466FB200E3118D /* main.m in Sources */ = {isa = PBXBuildFile; fileRef = 8E88FDD51B466FB200E3118D /* main.m */; };
		8E88FDD91B466FB200E3118D /* AppDelegate.m in Sources */ = {isa = PBXBuildFile; fileRef = 8E88FDD81B466FB200E3118D /* AppDelegate.m */; };
		8E88FDDC1B466FB200E3118D /* ViewController.m in Sources */ = {isa = PBXBuildFile; fileRef = 8E88FDDB1B466FB200E3118D /* ViewController.m */; };
		8E88FDDF1B466FB200E3118D /* Main.storyboard in Resources */ = {isa = PBXBuildFile; fileRef = 8E88FDDD1B466FB200E3118D /* Main.storyboard */; };
		8E88FDE11B466FB200E3118D /* Images.xcassets in Resources */ = {isa = PBXBuildFile; fileRef = 8E88FDE01B466FB200E3118D /* Images.xcassets */; };
		8E88FDE41B466FB200E3118D /* LaunchScreen.xib in Resources */ = {isa = PBXBuildFile; fileRef = 8E88FDE21B466FB200E3118D /* LaunchScreen.xib */; };
		8E88FDF01B466FB200E3118D /* AnimationTextFieldTests.m in Sources */ = {isa = PBXBuildFile; fileRef = 8E88FDEF1B466FB200E3118D /* AnimationTextFieldTests.m */; };
		8E88FDFB1B466FFD00E3118D /* AnimationTextField.m in Sources */ = {isa = PBXBuildFile; fileRef = 8E88FDFA1B466FFD00E3118D /* AnimationTextField.m */; };
/* End PBXBuildFile section */

/* Begin PBXContainerItemProxy section */
		8E88FDEA1B466FB200E3118D /* PBXContainerItemProxy */ = {
			isa = PBXContainerItemProxy;
			containerPortal = 8E88FDC81B466FB200E3118D /* Project object */;
			proxyType = 1;
			remoteGlobalIDString = 8E88FDCF1B466FB200E3118D;
			remoteInfo = AnimationTextField;
		};
/* End PBXContainerItemProxy section */

/* Begin PBXFileReference section */
		8E88FDD01B466FB200E3118D /* AnimationTextField.app */ = {isa = PBXFileReference; explicitFileType = wrapper.application; includeInIndex = 0; path = AnimationTextField.app; sourceTree = BUILT_PRODUCTS_DIR; };
		8E88FDD41B466FB200E3118D /* Info.plist */ = {isa = PBXFileReference; lastKnownFileType = text.plist.xml; path = Info.plist; sourceTree = "<group>"; };
		8E88FDD51B466FB200E3118D /* main.m */ = {isa = PBXFileReference; lastKnownFileType = sourcecode.c.objc; path = main.m; sourceTree = "<group>"; };
		8E88FDD71B466FB200E3118D /* AppDelegate.h */ = {isa = PBXFileReference; lastKnownFileType = sourcecode.c.h; path = AppDelegate.h; sourceTree = "<group>"; };
		8E88FDD81B466FB200E3118D /* AppDelegate.m */ = {isa = PBXFileReference; lastKnownFileType = sourcecode.c.objc; path = AppDelegate.m; sourceTree = "<group>"; };
		8E88FDDA1B466FB200E3118D /* ViewController.h */ = {isa = PBXFileReference; lastKnownFileType = sourcecode.c.h; path = ViewController.h; sourceTree = "<group>"; };
		8E88FDDB1B466FB200E3118D /* ViewController.m */ = {isa = PBXFileReference; lastKnownFileType = sourcecode.c.objc; path = ViewController.m; sourceTree = "<group>"; };
		8E88FDDE1B466FB200E3118D /* Base */ = {isa = PBXFileReference; lastKnownFileType = file.storyboard; name = Base; path = Base.lproj/Main.storyboard; sourceTree = "<group>"; };
		8E88FDE01B466FB200E3118D /* Images.xcassets */ = {isa = PBXFileReference; lastKnownFileType = folder.assetcatalog; path = Images.xcassets; sourceTree = "<group>"; };
		8E88FDE31B466FB200E3118D /* Base */ = {isa = PBXFileReference; lastKnownFileType = file.xib; name = Base; path = Base.lproj/LaunchScreen.xib; sourceTree = "<group>"; };
		8E88FDE91B466FB200E3118D /* AnimationTextFieldTests.xctest */ = {isa = PBXFileReference; explicitFileType = wrapper.cfbundle; includeInIndex = 0; path = AnimationTextFieldTests.xctest; sourceTree = BUILT_PRODUCTS_DIR; };
		8E88FDEE1B466FB200E3118D /* Info.plist */ = {isa = PBXFileReference; lastKnownFileType = text.plist.xml; path = Info.plist; sourceTree = "<group>"; };
		8E88FDEF1B466FB200E3118D /* AnimationTextFieldTests.m */ = {isa = PBXFileReference; lastKnownFileType = sourcecode.c.objc; path = AnimationTextFieldTests.m; sourceTree = "<group>"; };
		8E88FDF91B466FFD00E3118D /* AnimationTextField.h */ = {isa = PBXFileReference; fileEncoding = 4; lastKnownFileType = sourcecode.c.h; path = AnimationTextField.h; sourceTree = "<group>"; };
		8E88FDFA1B466FFD00E3118D /* AnimationTextField.m */ = {isa = PBXFileReference; fileEncoding = 4; lastKnownFileType = sourcecode.c.objc; path = AnimationTextField.m; sourceTree = "<group>"; };
/* End PBXFileReference section */

/* Begin PBXFrameworksBuildPhase section */
		8E88FDCD1B466FB200E3118D /* Frameworks */ = {
			isa = PBXFrameworksBuildPhase;
			buildActionMask = 2147483647;
			files = (
			);
			runOnlyForDeploymentPostprocessing = 0;
		};
		8E88FDE61B466FB200E3118D /* Frameworks */ = {
			isa = PBXFrameworksBuildPhase;
			buildActionMask = 2147483647;
			files = (
			);
			runOnlyForDeploymentPostprocessing = 0;
		};
/* End PBXFrameworksBuildPhase section */

/* Begin PBXGroup section */
		8E88FDC71B466FB200E3118D = {
			isa = PBXGroup;
			children = (
				8E88FDD21B466FB200E3118D /* AnimationTextField */,
				8E88FDEC1B466FB200E3118D /* AnimationTextFieldTests */,
				8E88FDD11B466FB200E3118D /* Products */,
			);
			sourceTree = "<group>";
		};
		8E88FDD11B466FB200E3118D /* Products */ = {
			isa = PBXGroup;
			children = (
				8E88FDD01B466FB200E3118D /* AnimationTextField.app */,
				8E88FDE91B466FB200E3118D /* AnimationTextFieldTests.xctest */,
			);
			name = Products;
			sourceTree = "<group>";
		};
		8E88FDD21B466FB200E3118D /* AnimationTextField */ = {
			isa = PBXGroup;
			children = (
				8E88FDD71B466FB200E3118D /* AppDelegate.h */,
				8E88FDD81B466FB200E3118D /* AppDelegate.m */,
				8E88FDDA1B466FB200E3118D /* ViewController.h */,
				8E88FDDB1B466FB200E3118D /* ViewController.m */,
				8E88FDF91B466FFD00E3118D /* AnimationTextField.h */,
				8E88FDFA1B466FFD00E3118D /* AnimationTextField.m */,
				8E88FDDD1B466FB200E3118D /* Main.storyboard */,
				8E88FDE01B466FB200E3118D /* Images.xcassets */,
				8E88FDE21B466FB200E3118D /* LaunchScreen.xib */,
				8E88FDD31B466FB200E3118D /* Supporting Files */,
			);
			path = AnimationTextField;
			sourceTree = "<group>";
		};
		8E88FDD31B466FB200E3118D /* Supporting Files */ = {
			isa = PBXGroup;
			children = (
				8E88FDD41B466FB200E3118D /* Info.plist */,
				8E88FDD51B466FB200E3118D /* main.m */,
			);
			name = "Supporting Files";
			sourceTree = "<group>";
		};
		8E88FDEC1B466FB200E3118D /* AnimationTextFieldTests */ = {
			isa = PBXGroup;
			children = (
				8E88FDEF1B466FB200E3118D /* AnimationTextFieldTests.m */,
				8E88FDED1B466FB200E3118D /* Supporting Files */,
			);
			path = AnimationTextFieldTests;
			sourceTree = "<group>";
		};
		8E88FDED1B466FB200E3118D /* Supporting Files */ = {
			isa = PBXGroup;
			children = (
				8E88FDEE1B466FB200E3118D /* Info.plist */,
			);
			name = "Supporting Files";
			sourceTree = "<group>";
		};
/* End PBXGroup section */

/* Begin PBXNativeTarget section */
		8E88FDCF1B466FB200E3118D /* AnimationTextField */ = {
			isa = PBXNativeTarget;
			buildConfigurationList = 8E88FDF31B466FB200E3118D /* Build configuration list for PBXNativeTarget "AnimationTextField" */;
			buildPhases = (
				8E88FDCC1B466FB200E3118D /* Sources */,
				8E88FDCD1B466FB200E3118D /* Frameworks */,
				8E88FDCE1B466FB200E3118D /* Resources */,
			);
			buildRules = (
			);
			dependencies = (
			);
			name = AnimationTextField;
			productName = AnimationTextField;
			productReference = 8E88FDD01B466FB200E3118D /* AnimationTextField.app */;
			productType = "com.apple.product-type.application";
		};
		8E88FDE81B466FB200E3118D /* AnimationTextFieldTests */ = {
			isa = PBXNativeTarget;
			buildConfigurationList = 8E88FDF61B466FB200E3118D /* Build configuration list for PBXNativeTarget "AnimationTextFieldTests" */;
			buildPhases = (
				8E88FDE51B466FB200E3118D /* Sources */,
				8E88FDE61B466FB200E3118D /* Frameworks */,
				8E88FDE71B466FB200E3118D /* Resources */,
			);
			buildRules = (
			);
			dependencies = (
				8E88FDEB1B466FB200E3118D /* PBXTargetDependency */,
			);
			name = AnimationTextFieldTests;
			productName = AnimationTextFieldTests;
			productReference = 8E88FDE91B466FB200E3118D /* AnimationTextFieldTests.xctest */;
			productType = "com.apple.product-type.bundle.unit-test";
		};
/* End PBXNativeTarget section */

/* Begin PBXProject section */
		8E88FDC81B466FB200E3118D /* Project object */ = {
			isa = PBXProject;
			attributes = {
				LastUpgradeCheck = 0630;
				ORGANIZATIONNAME = colorPen;
				TargetAttributes = {
					8E88FDCF1B466FB200E3118D = {
						CreatedOnToolsVersion = 6.3;
					};
					8E88FDE81B466FB200E3118D = {
						CreatedOnToolsVersion = 6.3;
						TestTargetID = 8E88FDCF1B466FB200E3118D;
					};
				};
			};
			buildConfigurationList = 8E88FDCB1B466FB200E3118D /* Build configuration list for PBXProject "AnimationTextField" */;
			compatibilityVersion = "Xcode 3.2";
			developmentRegion = English;
			hasScannedForEncodings = 0;
			knownRegions = (
				en,
				Base,
			);
			mainGroup = 8E88FDC71B466FB200E3118D;
			productRefGroup = 8E88FDD11B466FB200E3118D /* Products */;
			projectDirPath = "";
			projectRoot = "";
			targets = (
				8E88FDCF1B466FB200E3118D /* AnimationTextField */,
				8E88FDE81B466FB200E3118D /* AnimationTextFieldTests */,
			);
		};
/* End PBXProject section */

/* Begin PBXResourcesBuildPhase section */
		8E88FDCE1B466FB200E3118D /* Resources */ = {
			isa = PBXResourcesBuildPhase;
			buildActionMask = 2147483647;
			files = (
				8E88FDDF1B466FB200E3118D /* Main.storyboard in Resources */,
				8E88FDE41B466FB200E3118D /* LaunchScreen.xib in Resources */,
				8E88FDE11B466FB200E3118D /* Images.xcassets in Resources */,
			);
			runOnlyForDeploymentPostprocessing = 0;
		};
		8E88FDE71B466FB200E3118D /* Resources */ = {
			isa = PBXResourcesBuildPhase;
			buildActionMask = 2147483647;
			files = (
			);
			runOnlyForDeploymentPostprocessing = 0;
		};
/* End PBXResourcesBuildPhase section */

/* Begin PBXSourcesBuildPhase section */
		8E88FDCC1B466FB200E3118D /* Sources */ = {
			isa = PBXSourcesBuildPhase;
			buildActionMask = 2147483647;
			files = (
				8E88FDFB1B466FFD00E3118D /* AnimationTextField.m in Sources */,
				8E88FDDC1B466FB200E3118D /* ViewController.m in Sources */,
				8E88FDD91B466FB200E3118D /* AppDelegate.m in Sources */,
				8E88FDD61B466FB200E3118D /* main.m in Sources */,
			);
			runOnlyForDeploymentPostprocessing = 0;
		};
		8E88FDE51B466FB200E3118D /* Sources */ = {
			isa = PBXSourcesBuildPhase;
			buildActionMask = 2147483647;
			files = (
				8E88FDF01B466FB200E3118D /* AnimationTextFieldTests.m in Sources */,
			);
			runOnlyForDeploymentPostprocessing = 0;
		};
/* End PBXSourcesBuildPhase section */

/* Begin PBXTargetDependency section */
		8E88FDEB1B466FB200E3118D /* PBXTargetDependency */ = {
			isa = PBXTargetDependency;
			target = 8E88FDCF1B466FB200E3118D /* AnimationTextField */;
			targetProxy = 8E88FDEA1B466FB200E3118D /* PBXContainerItemProxy */;
		};
/* End PBXTargetDependency section */

/* Begin PBXVariantGroup section */
		8E88FDDD1B466FB200E3118D /* Main.storyboard */ = {
			isa = PBXVariantGroup;
			children = (
				8E88FDDE1B466FB200E3118D /* Base */,
			);
			name = Main.storyboard;
			sourceTree = "<group>";
		};
		8E88FDE21B466FB200E3118D /* LaunchScreen.xib */ = {
			isa = PBXVariantGroup;
			children = (
				8E88FDE31B466FB200E3118D /* Base */,
			);
			name = LaunchScreen.xib;
			sourceTree = "<group>";
		};
/* End PBXVariantGroup section */

/* Begin XCBuildConfiguration section */
		8E88FDF11B466FB200E3118D /* Debug */ = {
			isa = XCBuildConfiguration;
			buildSettings = {
				ALWAYS_SEARCH_USER_PATHS = NO;
				CLANG_CXX_LANGUAGE_STANDARD = "gnu++0x";
				CLANG_CXX_LIBRARY = "libc++";
				CLANG_ENABLE_MODULES = YES;
				CLANG_ENABLE_OBJC_ARC = YES;
				CLANG_WARN_BOOL_CONVERSION = YES;
				CLANG_WARN_CONSTANT_CONVERSION = YES;
				CLANG_WARN_DIRECT_OBJC_ISA_USAGE = YES_ERROR;
				CLANG_WARN_EMPTY_BODY = YES;
				CLANG_WARN_ENUM_CONVERSION = YES;
				CLANG_WARN_INT_CONVERSION = YES;
				CLANG_WARN_OBJC_ROOT_CLASS = YES_ERROR;
				CLANG_WARN_UNREACHABLE_CODE = YES;
				CLANG_WARN__DUPLICATE_METHOD_MATCH = YES;
				"CODE_SIGN_IDENTITY[sdk=iphoneos*]" = "iPhone Developer";
				COPY_PHASE_STRIP = NO;
				DEBUG_INFORMATION_FORMAT = "dwarf-with-dsym";
				ENABLE_STRICT_OBJC_MSGSEND = YES;
				GCC_C_LANGUAGE_STANDARD = gnu99;
				GCC_DYNAMIC_NO_PIC = NO;
				GCC_NO_COMMON_BLOCKS = YES;
				GCC_OPTIMIZATION_LEVEL = 0;
				GCC_PREPROCESSOR_DEFINITIONS = (
					"DEBUG=1",
					"$(inherited)",
				);
				GCC_SYMBOLS_PRIVATE_EXTERN = NO;
				GCC_WARN_64_TO_32_BIT_CONVERSION = YES;
				GCC_WARN_ABOUT_RETURN_TYPE = YES_ERROR;
				GCC_WARN_UNDECLARED_SELECTOR = YES;
				GCC_WARN_UNINITIALIZED_AUTOS = YES_AGGRESSIVE;
				GCC_WARN_UNUSED_FUNCTION = YES;
				GCC_WARN_UNUSED_VARIABLE = YES;
				IPHONEOS_DEPLOYMENT_TARGET = 8.3;
				MTL_ENABLE_DEBUG_INFO = YES;
				ONLY_ACTIVE_ARCH = YES;
				SDKROOT = iphoneos;
				TARGETED_DEVICE_FAMILY = "1,2";
			};
			name = Debug;
		};
		8E88FDF21B466FB200E3118D /* Release */ = {
			isa = XCBuildConfiguration;
			buildSettings = {
				ALWAYS_SEARCH_USER_PATHS = NO;
				CLANG_CXX_LANGUAGE_STANDARD = "gnu++0x";
				CLANG_CXX_LIBRARY = "libc++";
				CLANG_ENABLE_MODULES = YES;
				CLANG_ENABLE_OBJC_ARC = YES;
				CLANG_WARN_BOOL_CONVERSION = YES;
				CLANG_WARN_CONSTANT_CONVERSION = YES;
				CLANG_WARN_DIRECT_OBJC_ISA_USAGE = YES_ERROR;
				CLANG_WARN_EMPTY_BODY = YES;
				CLANG_WARN_ENUM_CONVERSION = YES;
				CLANG_WARN_INT_CONVERSION = YES;
				CLANG_WARN_OBJC_ROOT_CLASS = YES_ERROR;
				CLANG_WARN_UNREACHABLE_CODE = YES;
				CLANG_WARN__DUPLICATE_METHOD_MATCH = YES;
				"CODE_SIGN_IDENTITY[sdk=iphoneos*]" = "iPhone Developer";
				COPY_PHASE_STRIP = NO;
				DEBUG_INFORMATION_FORMAT = "dwarf-with-dsym";
				ENABLE_NS_ASSERTIONS = NO;
				ENABLE_STRICT_OBJC_MSGSEND = YES;
				GCC_C_LANGUAGE_STANDARD = gnu99;
				GCC_NO_COMMON_BLOCKS = YES;
				GCC_WARN_64_TO_32_BIT_CONVERSION = YES;
				GCC_WARN_ABOUT_RETURN_TYPE = YES_ERROR;
				GCC_WARN_UNDECLARED_SELECTOR = YES;
				GCC_WARN_UNINITIALIZED_AUTOS = YES_AGGRESSIVE;
				GCC_WARN_UNUSED_FUNCTION = YES;
				GCC_WARN_UNUSED_VARIABLE = YES;
				IPHONEOS_DEPLOYMENT_TARGET = 8.3;
				MTL_ENABLE_DEBUG_INFO = NO;
				SDKROOT = iphoneos;
				TARGETED_DEVICE_FAMILY = "1,2";
				VALIDATE_PRODUCT = YES;
			};
			name = Release;
		};
		8E88FDF41B466FB200E3118D /* Debug */ = {
			isa = XCBuildConfiguration;
			buildSettings = {
				ASSETCATALOG_COMPILER_APPICON_NAME = AppIcon;
				INFOPLIST_FILE = AnimationTextField/Info.plist;
				LD_RUNPATH_SEARCH_PATHS = "$(inherited) @executable_path/Frameworks";
				PRODUCT_NAME = "$(TARGET_NAME)";
			};
			name = Debug;
		};
		8E88FDF51B466FB200E3118D /* Release */ = {
			isa = XCBuildConfiguration;
			buildSettings = {
				ASSETCATALOG_COMPILER_APPICON_NAME = AppIcon;
				INFOPLIST_FILE = AnimationTextField/Info.plist;
				LD_RUNPATH_SEARCH_PATHS = "$(inherited) @executable_path/Frameworks";
				PRODUCT_NAME = "$(TARGET_NAME)";
			};
			name = Release;
		};
		8E88FDF71B466FB200E3118D /* Debug */ = {
			isa = XCBuildConfiguration;
			buildSettings = {
				BUNDLE_LOADER = "$(TEST_HOST)";
				FRAMEWORK_SEARCH_PATHS = (
					"$(SDKROOT)/Developer/Library/Frameworks",
					"$(inherited)",
				);
				GCC_PREPROCESSOR_DEFINITIONS = (
					"DEBUG=1",
					"$(inherited)",
				);
				INFOPLIST_FILE = AnimationTextFieldTests/Info.plist;
				LD_RUNPATH_SEARCH_PATHS = "$(inherited) @executable_path/Frameworks @loader_path/Frameworks";
				PRODUCT_NAME = "$(TARGET_NAME)";
				TEST_HOST = "$(BUILT_PRODUCTS_DIR)/AnimationTextField.app/AnimationTextField";
			};
			name = Debug;
		};
		8E88FDF81B466FB200E3118D /* Release */ = {
			isa = XCBuildConfiguration;
			buildSettings = {
				BUNDLE_LOADER = "$(TEST_HOST)";
				FRAMEWORK_SEARCH_PATHS = (
					"$(SDKROOT)/Developer/Library/Frameworks",
					"$(inherited)",
				);
				INFOPLIST_FILE = AnimationTextFieldTests/Info.plist;
				LD_RUNPATH_SEARCH_PATHS = "$(inherited) @executable_path/Frameworks @loader_path/Frameworks";
				PRODUCT_NAME = "$(TARGET_NAME)";
				TEST_HOST = "$(BUILT_PRODUCTS_DIR)/AnimationTextField.app/AnimationTextField";
			};
			name = Release;
		};
/* End XCBuildConfiguration section */

/* Begin XCConfigurationList section */
		8E88FDCB1B466FB200E3118D /* Build configuration list for PBXProject "AnimationTextField" */ = {
			isa = XCConfigurationList;
			buildConfigurations = (
				8E88FDF11B466FB200E3118D /* Debug */,
				8E88FDF21B466FB200E3118D /* Release */,
			);
			defaultConfigurationIsVisible = 0;
			defaultConfigurationName = Release;
		};
		8E88FDF31B466FB200E3118D /* Build configuration list for PBXNativeTarget "AnimationTextField" */ = {
			isa = XCConfigurationList;
			buildConfigurations = (
				8E88FDF41B466FB200E3118D /* Debug */,
				8E88FDF51B466FB200E3118D /* Release */,
			);
			defaultConfigurationIsVisible = 0;
		};
		8E88FDF61B466FB200E3118D /* Build configuration list for PBXNativeTarget "AnimationTextFieldTests" */ = {
			isa = XCConfigurationList;
			buildConfigurations = (
				8E88FDF71B466FB200E3118D /* Debug */,
				8E88FDF81B466FB200E3118D /* Release */,
			);
			defaultConfigurationIsVisible = 0;
		};
/* End XCConfigurationList section */
	};
	rootObject = 8E88FDC81B466FB200E3118D /* Project object */;
}
